<?xml version="1.0" encoding="UTF-8"?>
<!DOCTYPE plist PUBLIC "-//Apple//DTD PLIST 1.0//EN" "http://www.apple.com/DTDs/PropertyList-1.0.dtd">
<plist version="1.0">
<dict>
	<key>archiveVersion</key>
	<string>1</string>
	<key>classes</key>
	<dict/>
	<key>objectVersion</key>
	<string>46</string>
	<key>objects</key>
	<dict>
		<key>08931574BA8A70D2DF629C05</key>
		<dict>
			<key>buildActionMask</key>
			<string>2147483647</string>
			<key>files</key>
			<array/>
			<key>inputPaths</key>
			<array/>
			<key>isa</key>
			<string>PBXShellScriptBuildPhase</string>
			<key>name</key>
			<string>Check Pods Manifest.lock</string>
			<key>outputPaths</key>
			<array/>
			<key>runOnlyForDeploymentPostprocessing</key>
			<string>0</string>
			<key>shellPath</key>
			<string>/bin/sh</string>
			<key>shellScript</key>
			<string>diff "${PODS_ROOT}/../Podfile.lock" "${PODS_ROOT}/Manifest.lock" &gt; /dev/null
if [[ $? != 0 ]] ; then
    cat &lt;&lt; EOM
error: The sandbox is not in sync with the Podfile.lock. Run 'pod install' or update your CocoaPods installation.
EOM
    exit 1
fi
</string>
			<key>showEnvVarsInLog</key>
			<string>0</string>
		</dict>
		<key>0FFA1C8ABC58C14516CCC96F</key>
		<dict>
			<key>children</key>
			<array>
				<string>CF1518DB9A0D4B2F6F05EDEC</string>
				<string>D640F2EEF74A360E2587DAE7</string>
			</array>
			<key>isa</key>
			<string>PBXGroup</string>
			<key>name</key>
			<string>Pods</string>
			<key>sourceTree</key>
			<string>&lt;group&gt;</string>
		</dict>
		<key>45A6FC5AEEBC807B4FB026F8</key>
		<dict>
			<key>buildActionMask</key>
			<string>2147483647</string>
			<key>files</key>
			<array/>
			<key>inputPaths</key>
			<array/>
			<key>isa</key>
			<string>PBXShellScriptBuildPhase</string>
			<key>name</key>
			<string>Copy Pods Resources</string>
			<key>outputPaths</key>
			<array/>
			<key>runOnlyForDeploymentPostprocessing</key>
			<string>0</string>
			<key>shellPath</key>
			<string>/bin/sh</string>
			<key>shellScript</key>
			<string>"${SRCROOT}/Pods/Target Support Files/Pods/Pods-resources.sh"
</string>
			<key>showEnvVarsInLog</key>
			<string>0</string>
		</dict>
		<key>6AABD75199E15B807316ADDF</key>
		<dict>
			<key>explicitFileType</key>
			<string>archive.ar</string>
			<key>includeInIndex</key>
			<string>0</string>
			<key>isa</key>
			<string>PBXFileReference</string>
			<key>path</key>
			<string>libPods.a</string>
			<key>sourceTree</key>
			<string>BUILT_PRODUCTS_DIR</string>
		</dict>
		<key>C711FE25A8672F53D8B4C567</key>
		<dict>
			<key>children</key>
			<array>
				<string>6AABD75199E15B807316ADDF</string>
			</array>
			<key>isa</key>
			<string>PBXGroup</string>
			<key>name</key>
			<string>Frameworks</string>
			<key>sourceTree</key>
			<string>&lt;group&gt;</string>
		</dict>
		<key>CF1518DB9A0D4B2F6F05EDEC</key>
		<dict>
			<key>includeInIndex</key>
			<string>1</string>
			<key>isa</key>
			<string>PBXFileReference</string>
			<key>lastKnownFileType</key>
			<string>text.xcconfig</string>
			<key>name</key>
			<string>Pods.debug.xcconfig</string>
			<key>path</key>
			<string>Pods/Target Support Files/Pods/Pods.debug.xcconfig</string>
			<key>sourceTree</key>
			<string>&lt;group&gt;</string>
		</dict>
		<key>D640F2EEF74A360E2587DAE7</key>
		<dict>
			<key>includeInIndex</key>
			<string>1</string>
			<key>isa</key>
			<string>PBXFileReference</string>
			<key>lastKnownFileType</key>
			<string>text.xcconfig</string>
			<key>name</key>
			<string>Pods.release.xcconfig</string>
			<key>path</key>
			<string>Pods/Target Support Files/Pods/Pods.release.xcconfig</string>
			<key>sourceTree</key>
			<string>&lt;group&gt;</string>
		</dict>
		<key>E80B8D5829843402F9AC1436</key>
		<dict>
			<key>fileRef</key>
			<string>6AABD75199E15B807316ADDF</string>
			<key>isa</key>
			<string>PBXBuildFile</string>
		</dict>
		<key>EC72BC6A1A67AFF900A4FA9D</key>
		<dict>
			<key>children</key>
			<array>
				<string>EC72BC751A67AFF900A4FA9D</string>
				<string>EC72BC8F1A67AFF900A4FA9D</string>
				<string>EC72BC741A67AFF900A4FA9D</string>
				<string>0FFA1C8ABC58C14516CCC96F</string>
				<string>C711FE25A8672F53D8B4C567</string>
			</array>
			<key>isa</key>
			<string>PBXGroup</string>
			<key>sourceTree</key>
			<string>&lt;group&gt;</string>
		</dict>
		<key>EC72BC6B1A67AFF900A4FA9D</key>
		<dict>
			<key>attributes</key>
			<dict>
				<key>LastUpgradeCheck</key>
				<string>0610</string>
				<key>ORGANIZATIONNAME</key>
				<string>your Co. Ltd.</string>
				<key>TargetAttributes</key>
				<dict>
					<key>EC72BC721A67AFF900A4FA9D</key>
					<dict>
						<key>CreatedOnToolsVersion</key>
						<string>6.1.1</string>
					</dict>
					<key>EC72BC8B1A67AFF900A4FA9D</key>
					<dict>
						<key>CreatedOnToolsVersion</key>
						<string>6.1.1</string>
						<key>TestTargetID</key>
						<string>EC72BC721A67AFF900A4FA9D</string>
					</dict>
				</dict>
			</dict>
			<key>buildConfigurationList</key>
			<string>EC72BC6E1A67AFF900A4FA9D</string>
			<key>compatibilityVersion</key>
			<string>Xcode 3.2</string>
			<key>developmentRegion</key>
			<string>English</string>
			<key>hasScannedForEncodings</key>
			<string>0</string>
			<key>isa</key>
			<string>PBXProject</string>
			<key>knownRegions</key>
			<array>
				<string>en</string>
				<string>Base</string>
			</array>
			<key>mainGroup</key>
			<string>EC72BC6A1A67AFF900A4FA9D</string>
			<key>productRefGroup</key>
			<string>EC72BC741A67AFF900A4FA9D</string>
			<key>projectDirPath</key>
			<string></string>
			<key>projectReferences</key>
			<array/>
			<key>projectRoot</key>
			<string></string>
			<key>targets</key>
			<array>
				<string>EC72BC721A67AFF900A4FA9D</string>
				<string>EC72BC8B1A67AFF900A4FA9D</string>
			</array>
		</dict>
		<key>EC72BC6E1A67AFF900A4FA9D</key>
		<dict>
			<key>buildConfigurations</key>
			<array>
				<string>EC72BC941A67AFF900A4FA9D</string>
				<string>EC72BC951A67AFF900A4FA9D</string>
			</array>
			<key>defaultConfigurationIsVisible</key>
			<string>0</string>
			<key>defaultConfigurationName</key>
			<string>Release</string>
			<key>isa</key>
			<string>XCConfigurationList</string>
		</dict>
		<key>EC72BC6F1A67AFF900A4FA9D</key>
		<dict>
			<key>buildActionMask</key>
			<string>2147483647</string>
			<key>files</key>
			<array>
				<string>EC72BC7F1A67AFF900A4FA9D</string>
				<string>EC72BC7C1A67AFF900A4FA9D</string>
				<string>EC72BC791A67AFF900A4FA9D</string>
			</array>
			<key>isa</key>
			<string>PBXSourcesBuildPhase</string>
			<key>runOnlyForDeploymentPostprocessing</key>
			<string>0</string>
		</dict>
		<key>EC72BC701A67AFF900A4FA9D</key>
		<dict>
			<key>buildActionMask</key>
			<string>2147483647</string>
			<key>files</key>
			<array>
				<string>E80B8D5829843402F9AC1436</string>
			</array>
			<key>isa</key>
			<string>PBXFrameworksBuildPhase</string>
			<key>runOnlyForDeploymentPostprocessing</key>
			<string>0</string>
		</dict>
		<key>EC72BC711A67AFF900A4FA9D</key>
		<dict>
			<key>buildActionMask</key>
			<string>2147483647</string>
			<key>files</key>
			<array>
				<string>EC72BC821A67AFF900A4FA9D</string>
				<string>EC72BC871A67AFF900A4FA9D</string>
				<string>EC72BC841A67AFF900A4FA9D</string>
			</array>
			<key>isa</key>
			<string>PBXResourcesBuildPhase</string>
			<key>runOnlyForDeploymentPostprocessing</key>
			<string>0</string>
		</dict>
		<key>EC72BC721A67AFF900A4FA9D</key>
		<dict>
			<key>buildConfigurationList</key>
			<string>EC72BC961A67AFF900A4FA9D</string>
			<key>buildPhases</key>
			<array>
				<string>08931574BA8A70D2DF629C05</string>
				<string>EC72BC6F1A67AFF900A4FA9D</string>
				<string>EC72BC701A67AFF900A4FA9D</string>
				<string>EC72BC711A67AFF900A4FA9D</string>
				<string>45A6FC5AEEBC807B4FB026F8</string>
			</array>
			<key>buildRules</key>
			<array/>
			<key>dependencies</key>
			<array/>
			<key>isa</key>
			<string>PBXNativeTarget</string>
			<key>name</key>
			<string>BMap+QHMap</string>
			<key>productName</key>
			<string>BMap+QHMap</string>
			<key>productReference</key>
			<string>EC72BC731A67AFF900A4FA9D</string>
			<key>productType</key>
			<string>com.apple.product-type.application</string>
		</dict>
		<key>EC72BC731A67AFF900A4FA9D</key>
		<dict>
			<key>explicitFileType</key>
			<string>wrapper.application</string>
			<key>includeInIndex</key>
			<string>0</string>
			<key>isa</key>
			<string>PBXFileReference</string>
			<key>path</key>
			<string>BMap+QHMap.app</string>
			<key>sourceTree</key>
			<string>BUILT_PRODUCTS_DIR</string>
		</dict>
		<key>EC72BC741A67AFF900A4FA9D</key>
		<dict>
			<key>children</key>
			<array>
				<string>EC72BC731A67AFF900A4FA9D</string>
				<string>EC72BC8C1A67AFF900A4FA9D</string>
			</array>
			<key>isa</key>
			<string>PBXGroup</string>
			<key>name</key>
			<string>Products</string>
			<key>sourceTree</key>
			<string>&lt;group&gt;</string>
		</dict>
		<key>EC72BC751A67AFF900A4FA9D</key>
		<dict>
			<key>children</key>
			<array>
				<string>EC72BC9C1A67B08000A4FA9D</string>
				<string>EC72BC7A1A67AFF900A4FA9D</string>
				<string>EC72BC7B1A67AFF900A4FA9D</string>
				<string>EC72BC7D1A67AFF900A4FA9D</string>
				<string>EC72BC7E1A67AFF900A4FA9D</string>
				<string>EC72BC801A67AFF900A4FA9D</string>
				<string>EC72BC831A67AFF900A4FA9D</string>
				<string>EC72BC851A67AFF900A4FA9D</string>
				<string>EC72BC761A67AFF900A4FA9D</string>
			</array>
			<key>isa</key>
			<string>PBXGroup</string>
			<key>path</key>
			<string>BMap+QHMap</string>
			<key>sourceTree</key>
			<string>&lt;group&gt;</string>
		</dict>
		<key>EC72BC761A67AFF900A4FA9D</key>
		<dict>
			<key>children</key>
			<array>
				<string>EC72BC771A67AFF900A4FA9D</string>
				<string>EC72BC781A67AFF900A4FA9D</string>
			</array>
			<key>isa</key>
			<string>PBXGroup</string>
			<key>name</key>
			<string>Supporting Files</string>
			<key>sourceTree</key>
			<string>&lt;group&gt;</string>
		</dict>
		<key>EC72BC771A67AFF900A4FA9D</key>
		<dict>
			<key>isa</key>
			<string>PBXFileReference</string>
			<key>lastKnownFileType</key>
			<string>text.plist.xml</string>
			<key>path</key>
			<string>Info.plist</string>
			<key>sourceTree</key>
			<string>&lt;group&gt;</string>
		</dict>
		<key>EC72BC781A67AFF900A4FA9D</key>
		<dict>
			<key>isa</key>
			<string>PBXFileReference</string>
			<key>lastKnownFileType</key>
			<string>sourcecode.c.objc</string>
			<key>path</key>
			<string>main.m</string>
			<key>sourceTree</key>
			<string>&lt;group&gt;</string>
		</dict>
		<key>EC72BC791A67AFF900A4FA9D</key>
		<dict>
			<key>fileRef</key>
			<string>EC72BC781A67AFF900A4FA9D</string>
			<key>isa</key>
			<string>PBXBuildFile</string>
		</dict>
		<key>EC72BC7A1A67AFF900A4FA9D</key>
		<dict>
			<key>isa</key>
			<string>PBXFileReference</string>
			<key>lastKnownFileType</key>
			<string>sourcecode.c.h</string>
			<key>path</key>
			<string>AppDelegate.h</string>
			<key>sourceTree</key>
			<string>&lt;group&gt;</string>
		</dict>
		<key>EC72BC7B1A67AFF900A4FA9D</key>
		<dict>
			<key>isa</key>
			<string>PBXFileReference</string>
			<key>lastKnownFileType</key>
			<string>sourcecode.c.objc</string>
			<key>path</key>
			<string>AppDelegate.m</string>
			<key>sourceTree</key>
			<string>&lt;group&gt;</string>
		</dict>
		<key>EC72BC7C1A67AFF900A4FA9D</key>
		<dict>
			<key>fileRef</key>
			<string>EC72BC7B1A67AFF900A4FA9D</string>
			<key>isa</key>
			<string>PBXBuildFile</string>
		</dict>
		<key>EC72BC7D1A67AFF900A4FA9D</key>
		<dict>
			<key>isa</key>
			<string>PBXFileReference</string>
			<key>lastKnownFileType</key>
			<string>sourcecode.c.h</string>
			<key>path</key>
			<string>ViewController.h</string>
			<key>sourceTree</key>
			<string>&lt;group&gt;</string>
		</dict>
		<key>EC72BC7E1A67AFF900A4FA9D</key>
		<dict>
			<key>isa</key>
			<string>PBXFileReference</string>
			<key>lastKnownFileType</key>
			<string>sourcecode.c.objc</string>
			<key>path</key>
			<string>ViewController.m</string>
			<key>sourceTree</key>
			<string>&lt;group&gt;</string>
		</dict>
		<key>EC72BC7F1A67AFF900A4FA9D</key>
		<dict>
			<key>fileRef</key>
			<string>EC72BC7E1A67AFF900A4FA9D</string>
			<key>isa</key>
			<string>PBXBuildFile</string>
		</dict>
		<key>EC72BC801A67AFF900A4FA9D</key>
		<dict>
			<key>children</key>
			<array>
				<string>EC72BC811A67AFF900A4FA9D</string>
			</array>
			<key>isa</key>
			<string>PBXVariantGroup</string>
			<key>name</key>
			<string>Main.storyboard</string>
			<key>sourceTree</key>
			<string>&lt;group&gt;</string>
		</dict>
		<key>EC72BC811A67AFF900A4FA9D</key>
		<dict>
			<key>isa</key>
			<string>PBXFileReference</string>
			<key>lastKnownFileType</key>
			<string>file.storyboard</string>
			<key>name</key>
			<string>Base</string>
			<key>path</key>
			<string>Base.lproj/Main.storyboard</string>
			<key>sourceTree</key>
			<string>&lt;group&gt;</string>
		</dict>
		<key>EC72BC821A67AFF900A4FA9D</key>
		<dict>
			<key>fileRef</key>
			<string>EC72BC801A67AFF900A4FA9D</string>
			<key>isa</key>
			<string>PBXBuildFile</string>
		</dict>
		<key>EC72BC831A67AFF900A4FA9D</key>
		<dict>
			<key>isa</key>
			<string>PBXFileReference</string>
			<key>lastKnownFileType</key>
			<string>folder.assetcatalog</string>
			<key>path</key>
			<string>Images.xcassets</string>
			<key>sourceTree</key>
			<string>&lt;group&gt;</string>
		</dict>
		<key>EC72BC841A67AFF900A4FA9D</key>
		<dict>
			<key>fileRef</key>
			<string>EC72BC831A67AFF900A4FA9D</string>
			<key>isa</key>
			<string>PBXBuildFile</string>
		</dict>
		<key>EC72BC851A67AFF900A4FA9D</key>
		<dict>
			<key>children</key>
			<array>
				<string>EC72BC861A67AFF900A4FA9D</string>
			</array>
			<key>isa</key>
			<string>PBXVariantGroup</string>
			<key>name</key>
			<string>LaunchScreen.xib</string>
			<key>sourceTree</key>
			<string>&lt;group&gt;</string>
		</dict>
		<key>EC72BC861A67AFF900A4FA9D</key>
		<dict>
			<key>isa</key>
			<string>PBXFileReference</string>
			<key>lastKnownFileType</key>
			<string>file.xib</string>
			<key>name</key>
			<string>Base</string>
			<key>path</key>
			<string>Base.lproj/LaunchScreen.xib</string>
			<key>sourceTree</key>
			<string>&lt;group&gt;</string>
		</dict>
		<key>EC72BC871A67AFF900A4FA9D</key>
		<dict>
			<key>fileRef</key>
			<string>EC72BC851A67AFF900A4FA9D</string>
			<key>isa</key>
			<string>PBXBuildFile</string>
		</dict>
		<key>EC72BC881A67AFF900A4FA9D</key>
		<dict>
			<key>buildActionMask</key>
			<string>2147483647</string>
			<key>files</key>
			<array>
				<string>EC72BC931A67AFF900A4FA9D</string>
			</array>
			<key>isa</key>
			<string>PBXSourcesBuildPhase</string>
			<key>runOnlyForDeploymentPostprocessing</key>
			<string>0</string>
		</dict>
		<key>EC72BC891A67AFF900A4FA9D</key>
		<dict>
			<key>buildActionMask</key>
			<string>2147483647</string>
			<key>files</key>
			<array/>
			<key>isa</key>
			<string>PBXFrameworksBuildPhase</string>
			<key>runOnlyForDeploymentPostprocessing</key>
			<string>0</string>
		</dict>
		<key>EC72BC8A1A67AFF900A4FA9D</key>
		<dict>
			<key>buildActionMask</key>
			<string>2147483647</string>
			<key>files</key>
			<array/>
			<key>isa</key>
			<string>PBXResourcesBuildPhase</string>
			<key>runOnlyForDeploymentPostprocessing</key>
			<string>0</string>
		</dict>
		<key>EC72BC8B1A67AFF900A4FA9D</key>
		<dict>
			<key>buildConfigurationList</key>
			<string>EC72BC991A67AFF900A4FA9D</string>
			<key>buildPhases</key>
			<array>
				<string>EC72BC881A67AFF900A4FA9D</string>
				<string>EC72BC891A67AFF900A4FA9D</string>
				<string>EC72BC8A1A67AFF900A4FA9D</string>
			</array>
			<key>buildRules</key>
			<array/>
			<key>dependencies</key>
			<array>
				<string>EC72BC8E1A67AFF900A4FA9D</string>
			</array>
			<key>isa</key>
			<string>PBXNativeTarget</string>
			<key>name</key>
			<string>BMap+QHMapTests</string>
			<key>productName</key>
			<string>BMap+QHMapTests</string>
			<key>productReference</key>
			<string>EC72BC8C1A67AFF900A4FA9D</string>
			<key>productType</key>
			<string>com.apple.product-type.bundle.unit-test</string>
		</dict>
		<key>EC72BC8C1A67AFF900A4FA9D</key>
		<dict>
			<key>explicitFileType</key>
			<string>wrapper.cfbundle</string>
			<key>includeInIndex</key>
			<string>0</string>
			<key>isa</key>
			<string>PBXFileReference</string>
			<key>path</key>
			<string>BMap+QHMapTests.xctest</string>
			<key>sourceTree</key>
			<string>BUILT_PRODUCTS_DIR</string>
		</dict>
		<key>EC72BC8D1A67AFF900A4FA9D</key>
		<dict>
			<key>containerPortal</key>
			<string>EC72BC6B1A67AFF900A4FA9D</string>
			<key>isa</key>
			<string>PBXContainerItemProxy</string>
			<key>proxyType</key>
			<string>1</string>
			<key>remoteGlobalIDString</key>
			<string>EC72BC721A67AFF900A4FA9D</string>
			<key>remoteInfo</key>
			<string>BMap+QHMap</string>
		</dict>
		<key>EC72BC8E1A67AFF900A4FA9D</key>
		<dict>
			<key>isa</key>
			<string>PBXTargetDependency</string>
			<key>target</key>
			<string>EC72BC721A67AFF900A4FA9D</string>
			<key>targetProxy</key>
			<string>EC72BC8D1A67AFF900A4FA9D</string>
		</dict>
		<key>EC72BC8F1A67AFF900A4FA9D</key>
		<dict>
			<key>children</key>
			<array>
				<string>EC72BC921A67AFF900A4FA9D</string>
				<string>EC72BC901A67AFF900A4FA9D</string>
			</array>
			<key>isa</key>
			<string>PBXGroup</string>
			<key>path</key>
			<string>BMap+QHMapTests</string>
			<key>sourceTree</key>
			<string>&lt;group&gt;</string>
		</dict>
		<key>EC72BC901A67AFF900A4FA9D</key>
		<dict>
			<key>children</key>
			<array>
				<string>EC72BC911A67AFF900A4FA9D</string>
			</array>
			<key>isa</key>
			<string>PBXGroup</string>
			<key>name</key>
			<string>Supporting Files</string>
			<key>sourceTree</key>
			<string>&lt;group&gt;</string>
		</dict>
		<key>EC72BC911A67AFF900A4FA9D</key>
		<dict>
			<key>isa</key>
			<string>PBXFileReference</string>
			<key>lastKnownFileType</key>
			<string>text.plist.xml</string>
			<key>path</key>
			<string>Info.plist</string>
			<key>sourceTree</key>
			<string>&lt;group&gt;</string>
		</dict>
		<key>EC72BC921A67AFF900A4FA9D</key>
		<dict>
			<key>isa</key>
			<string>PBXFileReference</string>
			<key>lastKnownFileType</key>
			<string>sourcecode.c.objc</string>
			<key>path</key>
			<string>BMap_QHMapTests.m</string>
			<key>sourceTree</key>
			<string>&lt;group&gt;</string>
		</dict>
		<key>EC72BC931A67AFF900A4FA9D</key>
		<dict>
			<key>fileRef</key>
			<string>EC72BC921A67AFF900A4FA9D</string>
			<key>isa</key>
			<string>PBXBuildFile</string>
		</dict>
		<key>EC72BC941A67AFF900A4FA9D</key>
		<dict>
			<key>buildSettings</key>
			<dict>
				<key>ALWAYS_SEARCH_USER_PATHS</key>
				<string>NO</string>
				<key>CLANG_CXX_LANGUAGE_STANDARD</key>
				<string>gnu++0x</string>
				<key>CLANG_CXX_LIBRARY</key>
				<string>libc++</string>
				<key>CLANG_ENABLE_MODULES</key>
				<string>YES</string>
				<key>CLANG_ENABLE_OBJC_ARC</key>
				<string>YES</string>
				<key>CLANG_WARN_BOOL_CONVERSION</key>
				<string>YES</string>
				<key>CLANG_WARN_CONSTANT_CONVERSION</key>
				<string>YES</string>
				<key>CLANG_WARN_DIRECT_OBJC_ISA_USAGE</key>
				<string>YES_ERROR</string>
				<key>CLANG_WARN_EMPTY_BODY</key>
				<string>YES</string>
				<key>CLANG_WARN_ENUM_CONVERSION</key>
				<string>YES</string>
				<key>CLANG_WARN_INT_CONVERSION</key>
				<string>YES</string>
				<key>CLANG_WARN_OBJC_ROOT_CLASS</key>
				<string>YES_ERROR</string>
				<key>CLANG_WARN_UNREACHABLE_CODE</key>
				<string>YES</string>
				<key>CLANG_WARN__DUPLICATE_METHOD_MATCH</key>
				<string>YES</string>
				<key>CODE_SIGN_IDENTITY[sdk=iphoneos*]</key>
				<string>iPhone Developer</string>
				<key>COPY_PHASE_STRIP</key>
				<string>NO</string>
				<key>ENABLE_STRICT_OBJC_MSGSEND</key>
				<string>YES</string>
				<key>GCC_C_LANGUAGE_STANDARD</key>
				<string>gnu99</string>
				<key>GCC_DYNAMIC_NO_PIC</key>
				<string>NO</string>
				<key>GCC_OPTIMIZATION_LEVEL</key>
				<string>0</string>
				<key>GCC_PREPROCESSOR_DEFINITIONS</key>
				<array>
					<string>DEBUG=1</string>
					<string>$(inherited)</string>
				</array>
				<key>GCC_SYMBOLS_PRIVATE_EXTERN</key>
				<string>NO</string>
				<key>GCC_WARN_64_TO_32_BIT_CONVERSION</key>
				<string>YES</string>
				<key>GCC_WARN_ABOUT_RETURN_TYPE</key>
				<string>YES_ERROR</string>
				<key>GCC_WARN_UNDECLARED_SELECTOR</key>
				<string>YES</string>
				<key>GCC_WARN_UNINITIALIZED_AUTOS</key>
				<string>YES_AGGRESSIVE</string>
				<key>GCC_WARN_UNUSED_FUNCTION</key>
				<string>YES</string>
				<key>GCC_WARN_UNUSED_VARIABLE</key>
				<string>YES</string>
				<key>IPHONEOS_DEPLOYMENT_TARGET</key>
				<string>8.1</string>
				<key>MTL_ENABLE_DEBUG_INFO</key>
				<string>YES</string>
				<key>ONLY_ACTIVE_ARCH</key>
				<string>YES</string>
				<key>SDKROOT</key>
				<string>iphoneos</string>
			</dict>
			<key>isa</key>
			<string>XCBuildConfiguration</string>
			<key>name</key>
			<string>Debug</string>
		</dict>
		<key>EC72BC951A67AFF900A4FA9D</key>
		<dict>
			<key>buildSettings</key>
			<dict>
				<key>ALWAYS_SEARCH_USER_PATHS</key>
				<string>NO</string>
				<key>CLANG_CXX_LANGUAGE_STANDARD</key>
				<string>gnu++0x</string>
				<key>CLANG_CXX_LIBRARY</key>
				<string>libc++</string>
				<key>CLANG_ENABLE_MODULES</key>
				<string>YES</string>
				<key>CLANG_ENABLE_OBJC_ARC</key>
				<string>YES</string>
				<key>CLANG_WARN_BOOL_CONVERSION</key>
				<string>YES</string>
				<key>CLANG_WARN_CONSTANT_CONVERSION</key>
				<string>YES</string>
				<key>CLANG_WARN_DIRECT_OBJC_ISA_USAGE</key>
				<string>YES_ERROR</string>
				<key>CLANG_WARN_EMPTY_BODY</key>
				<string>YES</string>
				<key>CLANG_WARN_ENUM_CONVERSION</key>
				<string>YES</string>
				<key>CLANG_WARN_INT_CONVERSION</key>
				<string>YES</string>
				<key>CLANG_WARN_OBJC_ROOT_CLASS</key>
				<string>YES_ERROR</string>
				<key>CLANG_WARN_UNREACHABLE_CODE</key>
				<string>YES</string>
				<key>CLANG_WARN__DUPLICATE_METHOD_MATCH</key>
				<string>YES</string>
				<key>CODE_SIGN_IDENTITY[sdk=iphoneos*]</key>
				<string>iPhone Developer</string>
				<key>COPY_PHASE_STRIP</key>
				<string>YES</string>
				<key>ENABLE_NS_ASSERTIONS</key>
				<string>NO</string>
				<key>ENABLE_STRICT_OBJC_MSGSEND</key>
				<string>YES</string>
				<key>GCC_C_LANGUAGE_STANDARD</key>
				<string>gnu99</string>
				<key>GCC_WARN_64_TO_32_BIT_CONVERSION</key>
				<string>YES</string>
				<key>GCC_WARN_ABOUT_RETURN_TYPE</key>
				<string>YES_ERROR</string>
				<key>GCC_WARN_UNDECLARED_SELECTOR</key>
				<string>YES</string>
				<key>GCC_WARN_UNINITIALIZED_AUTOS</key>
				<string>YES_AGGRESSIVE</string>
				<key>GCC_WARN_UNUSED_FUNCTION</key>
				<string>YES</string>
				<key>GCC_WARN_UNUSED_VARIABLE</key>
				<string>YES</string>
				<key>IPHONEOS_DEPLOYMENT_TARGET</key>
				<string>8.1</string>
				<key>MTL_ENABLE_DEBUG_INFO</key>
				<string>NO</string>
				<key>SDKROOT</key>
				<string>iphoneos</string>
				<key>VALIDATE_PRODUCT</key>
				<string>YES</string>
			</dict>
			<key>isa</key>
			<string>XCBuildConfiguration</string>
			<key>name</key>
			<string>Release</string>
		</dict>
		<key>EC72BC961A67AFF900A4FA9D</key>
		<dict>
			<key>buildConfigurations</key>
			<array>
				<string>EC72BC971A67AFF900A4FA9D</string>
				<string>EC72BC981A67AFF900A4FA9D</string>
			</array>
			<key>defaultConfigurationIsVisible</key>
			<string>0</string>
			<key>isa</key>
			<string>XCConfigurationList</string>
		</dict>
		<key>EC72BC971A67AFF900A4FA9D</key>
		<dict>
			<key>baseConfigurationReference</key>
			<string>CF1518DB9A0D4B2F6F05EDEC</string>
			<key>buildSettings</key>
			<dict>
				<key>ASSETCATALOG_COMPILER_APPICON_NAME</key>
				<string>AppIcon</string>
				<key>INFOPLIST_FILE</key>
				<string>BMap+QHMap/Info.plist</string>
				<key>IPHONEOS_DEPLOYMENT_TARGET</key>
				<string>7.0</string>
				<key>LD_RUNPATH_SEARCH_PATHS</key>
				<string>$(inherited) @executable_path/Frameworks</string>
				<key>PRODUCT_NAME</key>
				<string>$(TARGET_NAME)</string>
			</dict>
			<key>isa</key>
			<string>XCBuildConfiguration</string>
			<key>name</key>
			<string>Debug</string>
		</dict>
		<key>EC72BC981A67AFF900A4FA9D</key>
		<dict>
			<key>baseConfigurationReference</key>
			<string>D640F2EEF74A360E2587DAE7</string>
			<key>buildSettings</key>
			<dict>
				<key>ASSETCATALOG_COMPILER_APPICON_NAME</key>
				<string>AppIcon</string>
				<key>INFOPLIST_FILE</key>
				<string>BMap+QHMap/Info.plist</string>
				<key>IPHONEOS_DEPLOYMENT_TARGET</key>
				<string>7.0</string>
				<key>LD_RUNPATH_SEARCH_PATHS</key>
				<string>$(inherited) @executable_path/Frameworks</string>
				<key>PRODUCT_NAME</key>
				<string>$(TARGET_NAME)</string>
			</dict>
			<key>isa</key>
			<string>XCBuildConfiguration</string>
			<key>name</key>
			<string>Release</string>
		</dict>
		<key>EC72BC991A67AFF900A4FA9D</key>
		<dict>
			<key>buildConfigurations</key>
			<array>
				<string>EC72BC9A1A67AFF900A4FA9D</string>
				<string>EC72BC9B1A67AFF900A4FA9D</string>
			</array>
			<key>defaultConfigurationIsVisible</key>
			<string>0</string>
			<key>isa</key>
			<string>XCConfigurationList</string>
		</dict>
		<key>EC72BC9A1A67AFF900A4FA9D</key>
		<dict>
			<key>buildSettings</key>
			<dict>
				<key>BUNDLE_LOADER</key>
				<string>$(TEST_HOST)</string>
				<key>FRAMEWORK_SEARCH_PATHS</key>
				<array>
					<string>$(SDKROOT)/Developer/Library/Frameworks</string>
					<string>$(inherited)</string>
				</array>
				<key>GCC_PREPROCESSOR_DEFINITIONS</key>
				<array>
					<string>DEBUG=1</string>
					<string>$(inherited)</string>
				</array>
				<key>INFOPLIST_FILE</key>
				<string>BMap+QHMapTests/Info.plist</string>
				<key>LD_RUNPATH_SEARCH_PATHS</key>
				<string>$(inherited) @executable_path/Frameworks @loader_path/Frameworks</string>
				<key>PRODUCT_NAME</key>
				<string>$(TARGET_NAME)</string>
				<key>TEST_HOST</key>
				<string>$(BUILT_PRODUCTS_DIR)/BMap+QHMap.app/BMap+QHMap</string>
			</dict>
			<key>isa</key>
			<string>XCBuildConfiguration</string>
			<key>name</key>
			<string>Debug</string>
		</dict>
		<key>EC72BC9B1A67AFF900A4FA9D</key>
		<dict>
			<key>buildSettings</key>
			<dict>
				<key>BUNDLE_LOADER</key>
				<string>$(TEST_HOST)</string>
				<key>FRAMEWORK_SEARCH_PATHS</key>
				<array>
					<string>$(SDKROOT)/Developer/Library/Frameworks</string>
					<string>$(inherited)</string>
				</array>
				<key>INFOPLIST_FILE</key>
				<string>BMap+QHMapTests/Info.plist</string>
				<key>LD_RUNPATH_SEARCH_PATHS</key>
				<string>$(inherited) @executable_path/Frameworks @loader_path/Frameworks</string>
				<key>PRODUCT_NAME</key>
				<string>$(TARGET_NAME)</string>
				<key>TEST_HOST</key>
				<string>$(BUILT_PRODUCTS_DIR)/BMap+QHMap.app/BMap+QHMap</string>
			</dict>
			<key>isa</key>
			<string>XCBuildConfiguration</string>
			<key>name</key>
			<string>Release</string>
		</dict>
		<key>EC72BC9C1A67B08000A4FA9D</key>
		<dict>
			<key>children</key>
			<array>
				<string>EC72BC9D1A67B09B00A4FA9D</string>
			</array>
			<key>isa</key>
			<string>PBXGroup</string>
			<key>path</key>
			<string>QHMapCore</string>
			<key>sourceTree</key>
			<string>&lt;group&gt;</string>
		</dict>
		<key>EC72BC9D1A67B09B00A4FA9D</key>
		<dict>
			<key>isa</key>
			<string>PBXFileReference</string>
			<key>lastKnownFileType</key>
			<string>sourcecode.c.h</string>
			<key>path</key>
			<string>CAdefine.h</string>
			<key>sourceTree</key>
			<string>&lt;group&gt;</string>
		</dict>
	</dict>
	<key>rootObject</key>
	<string>EC72BC6B1A67AFF900A4FA9D</string>
</dict>
</plist>
